	<Project xmlns="http://schemas.microsoft.com/developer/msbuild/2003">
		<PropertyGroup>
			<ProjectGuid>{D62727A2-FA55-4183-B19C-FEA5C15FFDC5}</ProjectGuid>
			<ProjectVersion>12.0</ProjectVersion>
			<MainSource>hJOPeditor.dpr</MainSource>
			<Config Condition="'$(Config)'==''">Debug</Config>
			<DCC_DCCCompiler>DCC32</DCC_DCCCompiler>
		</PropertyGroup>
		<PropertyGroup Condition="'$(Config)'=='Base' or '$(Base)'!=''">
			<Base>true</Base>
		</PropertyGroup>
		<PropertyGroup Condition="'$(Config)'=='Release' or '$(Cfg_1)'!=''">
			<Cfg_1>true</Cfg_1>
			<CfgParent>Base</CfgParent>
			<Base>true</Base>
		</PropertyGroup>
		<PropertyGroup Condition="'$(Config)'=='Debug' or '$(Cfg_2)'!=''">
			<Cfg_2>true</Cfg_2>
			<CfgParent>Base</CfgParent>
			<Base>true</Base>
		</PropertyGroup>
		<PropertyGroup Condition="'$(Base)'!=''">
			<DCC_UsePackage>vcl;rtl;vclx;vclactnband;dbrtl;vcldb;vcldbx;bdertl;dsnap;dsnapcon;TeeUI;TeeDB;Tee;adortl;vclib;ibxpress;IndyCore;IndySystem;IndyProtocols;xmlrtl;inet;intrawebdb_100_120;Intraweb_100_120;VclSmp;vclie;websnap;webdsnap;inetdbbde;inetdbxpress;soaprtl;vclribbon;DbxCommonDriver;DbxClientDriver;DBXInterBaseDriver;DBXMySQLDriver;dbexpress;dbxcds;CPortLibD2009</DCC_UsePackage>
			<DCC_DependencyCheckOutputName>..\Output\hJOPeditor.exe</DCC_DependencyCheckOutputName>
			<DCC_ImageBase>00400000</DCC_ImageBase>
			<DCC_ExeOutput>..\Output\</DCC_ExeOutput>
			<DCC_UnitAlias>WinTypes=Windows;WinProcs=Windows;DbiTypes=BDE;DbiProcs=BDE;DbiErrs=BDE;$(DCC_UnitAlias)</DCC_UnitAlias>
			<DCC_Platform>x86</DCC_Platform>
			<DCC_DcuOutput>..\Outunit\</DCC_DcuOutput>
			<DCC_N>false</DCC_N>
			<DCC_S>false</DCC_S>
			<DCC_K>false</DCC_K>
			<DCC_E>false</DCC_E>
			<DCC_F>false</DCC_F>
		</PropertyGroup>
		<PropertyGroup Condition="'$(Cfg_1)'!=''">
			<DCC_LocalDebugSymbols>false</DCC_LocalDebugSymbols>
			<DCC_Define>RELEASE;$(DCC_Define)</DCC_Define>
			<DCC_SymbolReferenceInfo>0</DCC_SymbolReferenceInfo>
			<DCC_DebugInformation>false</DCC_DebugInformation>
		</PropertyGroup>
		<PropertyGroup Condition="'$(Cfg_2)'!=''">
			<DCC_MapFile>3</DCC_MapFile>
			<DCC_Define>DEBUG;$(DCC_Define)</DCC_Define>
		</PropertyGroup>
		<ItemGroup>
			<DelphiCompile Include="hJOPeditor.dpr">
				<MainSource>MainSource</MainSource>
			</DelphiCompile>
			<DCCReference Include="fMain.pas">
				<Form>F_Hlavni</Form>
			</DCCReference>
			<DCCReference Include="ReliefObjects.pas">
				<Form>,
  Panel in &apos;Panel.pas&apos;,
  fNewRelief in &apos;fNewRelief.pas&apos; {F_NewRelief</Form>
			</DCCReference>
			<DCCReference Include="Panel.pas"/>
			<DCCReference Include="fNewRelief.pas">
				<Form>F_NewRelief</Form>
			</DCCReference>
			<DCCReference Include="ReliefBitmap.pas"/>
			<DCCReference Include="fChangeRelief.pas">
				<Form>F_ReliefProperties</Form>
			</DCCReference>
			<DCCReference Include="Global.pas"/>
			<DCCReference Include="ReliefSettings.pas"/>
			<DCCReference Include="fReliefSettings.pas">
				<Form>F_ReliefOptions</Form>
			</DCCReference>
			<DCCReference Include="ReliefText.pas"/>
			<DCCReference Include="fPopiskek.pas">
				<Form>F_Popisek</Form>
			</DCCReference>
			<DCCReference Include="VektorBasedObject.pas"/>
			<DCCReference Include="ReliefBitmapSymbols.pas"/>
			<DCCReference Include="BitmapToObj.pas"/>
			<DCCReference Include="fBlockEdit.pas">
				<Form>F_BlockEdit</Form>
			</DCCReference>
			<DCCReference Include="OblastRizeni.pas"/>
			<DCCReference Include="fOREdit.pas">
				<Form>F_OREdit</Form>
			</DCCReference>
			<DCCReference Include="fDataCheck.pas">
				<Form>F_DataCheck</Form>
			</DCCReference>
			<DCCReference Include="ReliefZT.pas"/>
			<DCCReference Include="ObjToZT.pas"/>
			<DCCReference Include="PGraphics.pas"/>
			<DCCReference Include="RPConst.pas"/>
			<BuildConfiguration Include="Base">
				<Key>Base</Key>
			</BuildConfiguration>
			<BuildConfiguration Include="Debug">
				<Key>Cfg_2</Key>
				<CfgParent>Base</CfgParent>
			</BuildConfiguration>
			<BuildConfiguration Include="Release">
				<Key>Cfg_1</Key>
				<CfgParent>Base</CfgParent>
			</BuildConfiguration>
		</ItemGroup>
		<Import Project="$(BDS)\Bin\CodeGear.Delphi.Targets" Condition="Exists('$(BDS)\Bin\CodeGear.Delphi.Targets')"/>
		<ProjectExtensions>
			<Borland.Personality>Delphi.Personality.12</Borland.Personality>
			<Borland.ProjectType/>
			<BorlandProject>
				<Delphi.Personality>
					<Source>
						<Source Name="MainSource">hJOPeditor.dpr</Source>
					</Source>
					<Parameters>
						<Parameters Name="UseLauncher">False</Parameters>
						<Parameters Name="LoadAllSymbols">True</Parameters>
						<Parameters Name="LoadUnspecifiedSymbols">False</Parameters>
					</Parameters>
					<VersionInfo>
						<VersionInfo Name="IncludeVerInfo">True</VersionInfo>
						<VersionInfo Name="AutoIncBuild">True</VersionInfo>
						<VersionInfo Name="MajorVer">2</VersionInfo>
						<VersionInfo Name="MinorVer">6</VersionInfo>
						<VersionInfo Name="Release">0</VersionInfo>
						<VersionInfo Name="Build">0</VersionInfo>
						<VersionInfo Name="Debug">False</VersionInfo>
						<VersionInfo Name="PreRelease">False</VersionInfo>
						<VersionInfo Name="Special">False</VersionInfo>
						<VersionInfo Name="Private">False</VersionInfo>
						<VersionInfo Name="DLL">False</VersionInfo>
						<VersionInfo Name="Locale">1029</VersionInfo>
						<VersionInfo Name="CodePage">1250</VersionInfo>
					</VersionInfo>
					<VersionInfoKeys>
						<VersionInfoKeys Name="CompanyName"/>
						<VersionInfoKeys Name="FileDescription"/>
						<VersionInfoKeys Name="FileVersion">2.6.0.0</VersionInfoKeys>
						<VersionInfoKeys Name="InternalName">hJOPeditor</VersionInfoKeys>
						<VersionInfoKeys Name="LegalCopyright">Jan Horacek 2011-2015</VersionInfoKeys>
						<VersionInfoKeys Name="LegalTrademarks">Jan Horacek 2011-2015</VersionInfoKeys>
						<VersionInfoKeys Name="OriginalFilename">hJOPeditor.exe</VersionInfoKeys>
						<VersionInfoKeys Name="ProductName">hJOPeditor</VersionInfoKeys>
						<VersionInfoKeys Name="ProductVersion">1.0.0.0</VersionInfoKeys>
						<VersionInfoKeys Name="Comments"/>
					</VersionInfoKeys>
					<Excluded_Packages>
						<Excluded_Packages Name="$(BDS)\bin\dcloffice2k120.bpl">Microsoft Office 2000 Sample Automation Server Wrapper Components</Excluded_Packages>
						<Excluded_Packages Name="$(BDS)\bin\dclofficexp120.bpl">Microsoft Office XP Sample Automation Server Wrapper Components</Excluded_Packages>
					</Excluded_Packages>
				</Delphi.Personality>
			</BorlandProject>
			<ProjectFileVersion>12</ProjectFileVersion>
		</ProjectExtensions>
	</Project>
