<Project xmlns="http://schemas.microsoft.com/developer/msbuild/2003">
    <PropertyGroup>
        <ProjectGuid>{D62727A2-FA55-4183-B19C-FEA5C15FFDC5}</ProjectGuid>
        <ProjectVersion>18.8</ProjectVersion>
        <MainSource>hJOPeditor.dpr</MainSource>
        <Config Condition="'$(Config)'==''">Debug</Config>
        <DCC_DCCCompiler>DCC32</DCC_DCCCompiler>
        <FrameworkType>VCL</FrameworkType>
        <Base>True</Base>
        <Platform Condition="'$(Platform)'==''">Win32</Platform>
        <TargetedPlatforms>3</TargetedPlatforms>
        <AppType>Application</AppType>
    </PropertyGroup>
    <PropertyGroup Condition="'$(Config)'=='Base' or '$(Base)'!=''">
        <Base>true</Base>
    </PropertyGroup>
    <PropertyGroup Condition="('$(Platform)'=='Win32' and '$(Base)'=='true') or '$(Base_Win32)'!=''">
        <Base_Win32>true</Base_Win32>
        <CfgParent>Base</CfgParent>
        <Base>true</Base>
    </PropertyGroup>
    <PropertyGroup Condition="('$(Platform)'=='Win64' and '$(Base)'=='true') or '$(Base_Win64)'!=''">
        <Base_Win64>true</Base_Win64>
        <CfgParent>Base</CfgParent>
        <Base>true</Base>
    </PropertyGroup>
    <PropertyGroup Condition="'$(Config)'=='Release' or '$(Cfg_1)'!=''">
        <Cfg_1>true</Cfg_1>
        <CfgParent>Base</CfgParent>
        <Base>true</Base>
    </PropertyGroup>
    <PropertyGroup Condition="('$(Platform)'=='Win32' and '$(Cfg_1)'=='true') or '$(Cfg_1_Win32)'!=''">
        <Cfg_1_Win32>true</Cfg_1_Win32>
        <CfgParent>Cfg_1</CfgParent>
        <Cfg_1>true</Cfg_1>
        <Base>true</Base>
    </PropertyGroup>
    <PropertyGroup Condition="('$(Platform)'=='Win64' and '$(Cfg_1)'=='true') or '$(Cfg_1_Win64)'!=''">
        <Cfg_1_Win64>true</Cfg_1_Win64>
        <CfgParent>Cfg_1</CfgParent>
        <Cfg_1>true</Cfg_1>
        <Base>true</Base>
    </PropertyGroup>
    <PropertyGroup Condition="'$(Config)'=='Debug' or '$(Cfg_2)'!=''">
        <Cfg_2>true</Cfg_2>
        <CfgParent>Base</CfgParent>
        <Base>true</Base>
    </PropertyGroup>
    <PropertyGroup Condition="('$(Platform)'=='Win32' and '$(Cfg_2)'=='true') or '$(Cfg_2_Win32)'!=''">
        <Cfg_2_Win32>true</Cfg_2_Win32>
        <CfgParent>Cfg_2</CfgParent>
        <Cfg_2>true</Cfg_2>
        <Base>true</Base>
    </PropertyGroup>
    <PropertyGroup Condition="('$(Platform)'=='Win64' and '$(Cfg_2)'=='true') or '$(Cfg_2_Win64)'!=''">
        <Cfg_2_Win64>true</Cfg_2_Win64>
        <CfgParent>Cfg_2</CfgParent>
        <Cfg_2>true</Cfg_2>
        <Base>true</Base>
    </PropertyGroup>
    <PropertyGroup Condition="'$(Base)'!=''">
        <DCC_UsePackage>vcl;rtl;vclx;vclactnband;dbrtl;vcldb;vcldbx;bdertl;dsnap;dsnapcon;TeeUI;TeeDB;Tee;adortl;vclib;ibxpress;IndyCore;IndySystem;IndyProtocols;xmlrtl;inet;intrawebdb_100_120;Intraweb_100_120;VclSmp;vclie;websnap;webdsnap;inetdbbde;inetdbxpress;soaprtl;vclribbon;DbxCommonDriver;DbxClientDriver;DBXInterBaseDriver;DBXMySQLDriver;dbexpress;dbxcds;CPortLibD2009;$(DCC_UsePackage)</DCC_UsePackage>
        <DCC_DependencyCheckOutputName>..\Output\hJOPeditor.exe</DCC_DependencyCheckOutputName>
        <DCC_ImageBase>00400000</DCC_ImageBase>
        <DCC_ExeOutput>..\Output\</DCC_ExeOutput>
        <DCC_Platform>x86</DCC_Platform>
        <DCC_DcuOutput>..\Outunit\</DCC_DcuOutput>
        <DCC_N>false</DCC_N>
        <DCC_S>false</DCC_S>
        <DCC_K>false</DCC_K>
        <DCC_E>false</DCC_E>
        <DCC_F>false</DCC_F>
        <SanitizedProjectName>hJOPeditor</SanitizedProjectName>
        <DCC_Namespace>Vcl;Vcl.Imaging;Vcl.Touch;Vcl.Samples;Vcl.Shell;System;Xml;Data;Datasnap;Web;Soap;Winapi;FMXTee.Editor;IBX;$(DCC_Namespace)</DCC_Namespace>
        <VerInfo_IncludeVerInfo>true</VerInfo_IncludeVerInfo>
        <VerInfo_MajorVer>2</VerInfo_MajorVer>
        <VerInfo_MinorVer>11</VerInfo_MinorVer>
        <VerInfo_Release>1</VerInfo_Release>
        <VerInfo_Locale>1029</VerInfo_Locale>
        <VerInfo_Keys>CompanyName=;FileDescription=;FileVersion=2.11.1.0;InternalName=hJOPeditor;LegalCopyright=Jan Horáček;LegalTrademarks=Jan Horáček;OriginalFilename=hJOPeditor.exe;ProductName=hJOPeditor;ProductVersion=1.0.0.0;Comments=</VerInfo_Keys>
        <DCC_UnitSearchPath>D:\UsersData\vlak\Delphi\Komponenty\DelphiX_1.20\Source;$(DCC_UnitSearchPath)</DCC_UnitSearchPath>
    </PropertyGroup>
    <PropertyGroup Condition="'$(Base_Win32)'!=''">
        <DCC_Namespace>System.Win;Data.Win;Datasnap.Win;Web.Win;Soap.Win;Xml.Win;Bde;$(DCC_Namespace)</DCC_Namespace>
        <BT_BuildType>Debug</BT_BuildType>
        <VerInfo_Keys>CompanyName=;FileDescription=$(MSBuildProjectName);FileVersion=1.0.0.0;InternalName=;LegalCopyright=;LegalTrademarks=;OriginalFilename=;ProductName=$(MSBuildProjectName);ProductVersion=1.0.0.0;Comments=;ProgramID=com.embarcadero.$(MSBuildProjectName)</VerInfo_Keys>
        <VerInfo_Locale>1033</VerInfo_Locale>
        <Manifest_File>$(BDS)\bin\default_app.manifest</Manifest_File>
        <Icon_MainIcon>hJOPeditor_Icon.ico</Icon_MainIcon>
        <AppEnableRuntimeThemes>true</AppEnableRuntimeThemes>
        <UWP_DelphiLogo44>$(BDS)\bin\Artwork\Windows\UWP\delphi_UwpDefault_44.png</UWP_DelphiLogo44>
        <UWP_DelphiLogo150>$(BDS)\bin\Artwork\Windows\UWP\delphi_UwpDefault_150.png</UWP_DelphiLogo150>
    </PropertyGroup>
    <PropertyGroup Condition="'$(Base_Win64)'!=''">
        <Manifest_File>$(BDS)\bin\default_app.manifest</Manifest_File>
        <Icon_MainIcon>hJOPeditor_Icon.ico</Icon_MainIcon>
        <AppEnableRuntimeThemes>true</AppEnableRuntimeThemes>
        <UWP_DelphiLogo44>$(BDS)\bin\Artwork\Windows\UWP\delphi_UwpDefault_44.png</UWP_DelphiLogo44>
        <UWP_DelphiLogo150>$(BDS)\bin\Artwork\Windows\UWP\delphi_UwpDefault_150.png</UWP_DelphiLogo150>
        <DCC_Namespace>System.Win;Data.Win;Datasnap.Win;Web.Win;Soap.Win;Xml.Win;$(DCC_Namespace)</DCC_Namespace>
        <BT_BuildType>Debug</BT_BuildType>
        <VerInfo_Keys>CompanyName=;FileDescription=$(MSBuildProjectName);FileVersion=1.0.0.0;InternalName=;LegalCopyright=;LegalTrademarks=;OriginalFilename=;ProgramID=com.embarcadero.$(MSBuildProjectName);ProductName=$(MSBuildProjectName);ProductVersion=1.0.0.0;Comments=</VerInfo_Keys>
        <VerInfo_Locale>1033</VerInfo_Locale>
    </PropertyGroup>
    <PropertyGroup Condition="'$(Cfg_1)'!=''">
        <DCC_LocalDebugSymbols>false</DCC_LocalDebugSymbols>
        <DCC_Define>RELEASE;$(DCC_Define)</DCC_Define>
        <DCC_SymbolReferenceInfo>0</DCC_SymbolReferenceInfo>
        <DCC_DebugInformation>0</DCC_DebugInformation>
    </PropertyGroup>
    <PropertyGroup Condition="'$(Cfg_1_Win32)'!=''">
        <AppEnableRuntimeThemes>true</AppEnableRuntimeThemes>
        <DCC_DependencyCheckOutputName>..\Output\hJOPeditor.exe</DCC_DependencyCheckOutputName>
        <AppDPIAwarenessMode>PerMonitorV2</AppDPIAwarenessMode>
        <DCC_ImageBase>00400000</DCC_ImageBase>
        <DCC_ExeOutput>..\Output\</DCC_ExeOutput>
        <DCC_Platform>x86</DCC_Platform>
        <DCC_DcuOutput>..\Outunit\</DCC_DcuOutput>
        <DCC_N>false</DCC_N>
        <DCC_S>false</DCC_S>
        <DCC_K>false</DCC_K>
        <DCC_E>false</DCC_E>
        <DCC_F>false</DCC_F>
    </PropertyGroup>
    <PropertyGroup Condition="'$(Cfg_1_Win64)'!=''">
        <AppEnableRuntimeThemes>true</AppEnableRuntimeThemes>
        <AppDPIAwarenessMode>PerMonitorV2</AppDPIAwarenessMode>
    </PropertyGroup>
    <PropertyGroup Condition="'$(Cfg_2)'!=''">
        <DCC_MapFile>3</DCC_MapFile>
        <DCC_Define>DEBUG;$(DCC_Define)</DCC_Define>
    </PropertyGroup>
    <PropertyGroup Condition="'$(Cfg_2_Win32)'!=''">
        <DCC_UsePackage>vcl;rtl;vclx;vclactnband;dbrtl;vcldb;vcldbx;bdertl;dsnap;dsnapcon;TeeUI;TeeDB;Tee;adortl;vclib;ibxpress;IndyCore;IndySystem;IndyProtocols;xmlrtl;inet;intrawebdb_100_120;Intraweb_100_120;VclSmp;vclie;websnap;webdsnap;inetdbbde;inetdbxpress;soaprtl;vclribbon;DbxCommonDriver;DbxClientDriver;DBXInterBaseDriver;DBXMySQLDriver;dbexpress;dbxcds;CPortLibD2009;$(DCC_UsePackage)</DCC_UsePackage>
        <DCC_ImageBase>00400000</DCC_ImageBase>
        <DCC_ExeOutput>..\Output\</DCC_ExeOutput>
        <DCC_DcuOutput>..\Outunit\</DCC_DcuOutput>
        <SanitizedProjectName>hJOPeditor</SanitizedProjectName>
        <DCC_Namespace>Vcl;Vcl.Imaging;Vcl.Touch;Vcl.Samples;Vcl.Shell;System;Xml;Data;Datasnap;Web;Soap;Winapi;FMXTee.Editor;IBX;$(DCC_Namespace)</DCC_Namespace>
        <AppEnableRuntimeThemes>true</AppEnableRuntimeThemes>
        <DCC_UnitSearchPath>D:\UsersData\vlak\Delphi\Komponenty\DelphiX_1.20\Source;$(DCC_UnitSearchPath)</DCC_UnitSearchPath>
    </PropertyGroup>
    <PropertyGroup Condition="'$(Cfg_2_Win64)'!=''">
        <AppEnableRuntimeThemes>true</AppEnableRuntimeThemes>
        <AppDPIAwarenessMode>PerMonitorV2</AppDPIAwarenessMode>
    </PropertyGroup>
    <ItemGroup>
        <DelphiCompile Include="$(MainSource)">
            <MainSource>MainSource</MainSource>
        </DelphiCompile>
        <DCCReference Include="forms\fMain.pas">
            <Form>F_Hlavni</Form>
        </DCCReference>
        <DCCReference Include="object\ReliefObjects.pas"/>
        <DCCReference Include="Panel.pas"/>
        <DCCReference Include="forms\fNewRelief.pas">
            <Form>F_NewRelief</Form>
        </DCCReference>
        <DCCReference Include="bitmap\ReliefBitmap.pas"/>
        <DCCReference Include="forms\fChangeRelief.pas">
            <Form>F_ReliefProperties</Form>
        </DCCReference>
        <DCCReference Include="Global.pas"/>
        <DCCReference Include="ReliefSettings.pas"/>
        <DCCReference Include="forms\fReliefSettings.pas">
            <Form>F_ReliefOptions</Form>
        </DCCReference>
        <DCCReference Include="bitmap\ReliefText.pas"/>
        <DCCReference Include="forms\fPopiskek.pas">
            <Form>F_Popisek</Form>
        </DCCReference>
        <DCCReference Include="bitmap\VektorBasedObject.pas"/>
        <DCCReference Include="bitmap\ReliefBitmapSymbols.pas"/>
        <DCCReference Include="BitmapToObj.pas"/>
        <DCCReference Include="forms\fBlockEdit.pas">
            <Form>F_BlockEdit</Form>
        </DCCReference>
        <DCCReference Include="OblastRizeni.pas"/>
        <DCCReference Include="forms\fOREdit.pas">
            <Form>F_OREdit</Form>
        </DCCReference>
        <DCCReference Include="forms\fDataCheck.pas">
            <Form>F_DataCheck</Form>
        </DCCReference>
        <DCCReference Include="zt\ReliefZT.pas"/>
        <DCCReference Include="ObjToZT.pas"/>
        <DCCReference Include="PGraphics.pas"/>
        <DCCReference Include="object\VetveComputer.pas"/>
        <DCCReference Include="symbolHelper.pas"/>
        <DCCReference Include="object\vetev.pas"/>
        <DCCReference Include="object\blok\ObjBlok.pas"/>
        <DCCReference Include="object\blok\ObjBlokVyhybka.pas"/>
        <DCCReference Include="object\blok\ObjBlokUsek.pas"/>
        <DCCReference Include="object\blok\ObjBlokText.pas"/>
        <DCCReference Include="object\blok\ObjBlokNavestidlo.pas"/>
        <DCCReference Include="object\blok\ObjBlokPomocny.pas"/>
        <DCCReference Include="object\blok\ObjBlokPrejezd.pas"/>
        <DCCReference Include="object\blok\ObjBlokUvazkaSpr.pas"/>
        <DCCReference Include="object\blok\ObjBlokUvazka.pas"/>
        <DCCReference Include="object\blok\ObjBlokZamek.pas"/>
        <DCCReference Include="object\blok\ObjBlokRozp.pas"/>
        <DCCReference Include="object\blok\ObjBlokVykol.pas"/>
        <DCCReference Include="helpers\ownStrUtils.pas"/>
        <DCCReference Include="forms\fImportLog.pas">
            <Form>F_ImportLog</Form>
        </DCCReference>
        <BuildConfiguration Include="Debug">
            <Key>Cfg_2</Key>
            <CfgParent>Base</CfgParent>
        </BuildConfiguration>
        <BuildConfiguration Include="Base">
            <Key>Base</Key>
        </BuildConfiguration>
        <BuildConfiguration Include="Release">
            <Key>Cfg_1</Key>
            <CfgParent>Base</CfgParent>
        </BuildConfiguration>
    </ItemGroup>
    <Import Project="$(BDS)\Bin\CodeGear.Delphi.Targets" Condition="Exists('$(BDS)\Bin\CodeGear.Delphi.Targets')"/>
    <ProjectExtensions>
        <Borland.Personality>Delphi.Personality.12</Borland.Personality>
        <Borland.ProjectType/>
        <BorlandProject>
            <Delphi.Personality>
                <Source>
                    <Source Name="MainSource">hJOPeditor.dpr</Source>
                </Source>
                <Parameters>
                    <Parameters Name="UseLauncher">False</Parameters>
                    <Parameters Name="LoadAllSymbols">True</Parameters>
                    <Parameters Name="LoadUnspecifiedSymbols">False</Parameters>
                </Parameters>
                <VersionInfo>
                    <VersionInfo Name="IncludeVerInfo">True</VersionInfo>
                    <VersionInfo Name="AutoIncBuild">True</VersionInfo>
                    <VersionInfo Name="MajorVer">2</VersionInfo>
                    <VersionInfo Name="MinorVer">11</VersionInfo>
                    <VersionInfo Name="Release">1</VersionInfo>
                    <VersionInfo Name="Build">0</VersionInfo>
                    <VersionInfo Name="Debug">False</VersionInfo>
                    <VersionInfo Name="PreRelease">False</VersionInfo>
                    <VersionInfo Name="Special">False</VersionInfo>
                    <VersionInfo Name="Private">False</VersionInfo>
                    <VersionInfo Name="DLL">False</VersionInfo>
                    <VersionInfo Name="Locale">1029</VersionInfo>
                    <VersionInfo Name="CodePage">1250</VersionInfo>
                </VersionInfo>
                <VersionInfoKeys>
                    <VersionInfoKeys Name="CompanyName"/>
                    <VersionInfoKeys Name="FileDescription"/>
                    <VersionInfoKeys Name="FileVersion">2.11.1.0</VersionInfoKeys>
                    <VersionInfoKeys Name="InternalName">hJOPeditor</VersionInfoKeys>
                    <VersionInfoKeys Name="LegalCopyright">Jan Horáček</VersionInfoKeys>
                    <VersionInfoKeys Name="LegalTrademarks">Jan Horáček</VersionInfoKeys>
                    <VersionInfoKeys Name="OriginalFilename">hJOPeditor.exe</VersionInfoKeys>
                    <VersionInfoKeys Name="ProductName">hJOPeditor</VersionInfoKeys>
                    <VersionInfoKeys Name="ProductVersion">1.0.0.0</VersionInfoKeys>
                    <VersionInfoKeys Name="Comments"/>
                </VersionInfoKeys>
                <Excluded_Packages>
                    <Excluded_Packages Name="$(BDSBIN)\dcloffice2k260.bpl">Microsoft Office 2000 Sample Automation Server Wrapper Components</Excluded_Packages>
                    <Excluded_Packages Name="$(BDSBIN)\dclofficexp260.bpl">Microsoft Office XP Sample Automation Server Wrapper Components</Excluded_Packages>
                </Excluded_Packages>
            </Delphi.Personality>
            <Platforms>
                <Platform value="Win32">True</Platform>
                <Platform value="Win64">True</Platform>
            </Platforms>
        </BorlandProject>
        <ProjectFileVersion>12</ProjectFileVersion>
    </ProjectExtensions>
    <Import Project="$(APPDATA)\Embarcadero\$(BDSAPPDATABASEDIR)\$(PRODUCTVERSION)\UserTools.proj" Condition="Exists('$(APPDATA)\Embarcadero\$(BDSAPPDATABASEDIR)\$(PRODUCTVERSION)\UserTools.proj')"/>
</Project>
